
Microsoft Visual Studio Solution File, Format Version 12.00
# Visual Studio Version 17
VisualStudioVersion = 17.3.32922.545
MinimumVisualStudioVersion = 10.0.40219.1
Project("{FAE04EC0-301F-11D3-BF4B-00C04F79EFBC}") = "Calculadora", "Calculadora.csproj", "{65A7CEC7-2ABE-47B8-8BDE-487ED3CAE1BE}"
EndProject
Global
	GlobalSection(SolutionConfigurationPlatforms) = preSolution
		Calculadora|Any CPU = Calculadora|Any CPU
		Calculadora|x86 = Calculadora|x86
		Debug|Any CPU = Debug|Any CPU
		Debug|x86 = Debug|x86
		Release|Any CPU = Release|Any CPU
		Release|x86 = Release|x86
	EndGlobalSection
	GlobalSection(ProjectConfigurationPlatforms) = postSolution
		{65A7CEC7-2ABE-47B8-8BDE-487ED3CAE1BE}.Calculadora|Any CPU.ActiveCfg = Calculadora|Any CPU
		{65A7CEC7-2ABE-47B8-8BDE-487ED3CAE1BE}.Calculadora|Any CPU.Build.0 = Calculadora|Any CPU
		{65A7CEC7-2ABE-47B8-8BDE-487ED3CAE1BE}.Calculadora|x86.ActiveCfg = Calculadora|x86
		{65A7CEC7-2ABE-47B8-8BDE-487ED3CAE1BE}.Calculadora|x86.Build.0 = Calculadora|x86
		{65A7CEC7-2ABE-47B8-8BDE-487ED3CAE1BE}.Debug|Any CPU.ActiveCfg = Debug|Any CPU
		{65A7CEC7-2ABE-47B8-8BDE-487ED3CAE1BE}.Debug|Any CPU.Build.0 = Debug|Any CPU
		{65A7CEC7-2ABE-47B8-8BDE-487ED3CAE1BE}.Debug|x86.ActiveCfg = Debug|x86
		{65A7CEC7-2ABE-47B8-8BDE-487ED3CAE1BE}.Debug|x86.Build.0 = Debug|x86
		{65A7CEC7-2ABE-47B8-8BDE-487ED3CAE1BE}.Release|Any CPU.ActiveCfg = Release|Any CPU
		{65A7CEC7-2ABE-47B8-8BDE-487ED3CAE1BE}.Release|Any CPU.Build.0 = Release|Any CPU
		{65A7CEC7-2ABE-47B8-8BDE-487ED3CAE1BE}.Release|x86.ActiveCfg = Release|x86
		{65A7CEC7-2ABE-47B8-8BDE-487ED3CAE1BE}.Release|x86.Build.0 = Release|x86
	EndGlobalSection
	GlobalSection(SolutionProperties) = preSolution
		HideSolutionNode = FALSE
	EndGlobalSection
	GlobalSection(ExtensibilityGlobals) = postSolution
		SolutionGuid = {A8B19640-3960-4989-93C5-C0909EF7063C}
	EndGlobalSection
EndGlobal
